
Microsoft Visual Studio Solution File, Format Version 12.00
# Visual Studio 14
VisualStudioVersion = 14.0.23107.0
MinimumVisualStudioVersion = 10.0.40219.1
Project("{FAE04EC0-301F-11D3-BF4B-00C04F79EFBC}") = "MyProject", "MyProject\MyProject.csproj", "{EDE1209F-523B-45E6-B10A-CC6F562B586E}"
EndProject
Global
	GlobalSection(SolutionConfigurationPlatforms) = preSolution
		Debug|Any CPU = Debug|Any CPU
		Release|Any CPU = Release|Any CPU
	EndGlobalSection
	GlobalSection(ProjectConfigurationPlatforms) = postSolution
		{EDE1209F-523B-45E6-B10A-CC6F562B586E}.Debug|Any CPU.ActiveCfg = Debug|Any CPU
		{EDE1209F-523B-45E6-B10A-CC6F562B586E}.Debug|Any CPU.Build.0 = Debug|Any CPU
		{EDE1209F-523B-45E6-B10A-CC6F562B586E}.Release|Any CPU.ActiveCfg = Release|Any CPU
		{EDE1209F-523B-45E6-B10A-CC6F562B586E}.Release|Any CPU.Build.0 = Release|Any CPU
	EndGlobalSection
	GlobalSection(SolutionProperties) = preSolution
		HideSolutionNode = FALSE
	EndGlobalSection
EndGlobal
